# @generated by Move, please check-in and do not edit manually.

[move]
version = 3
manifest_digest = "6250A8451F4437B657A65E8D9993C7C27A350D32DCEC50EF39361A04952EB4CA"
deps_digest = "F8BBB0CCB2491CA29A3DF03D6F92277A4F3574266507ACD77214D37ECA3F3082"
dependencies = [
  { id = "One", name = "One" },
]

[[move.package]]
id = "MoveStdlib"
source = { git = "https://github.com/one-chain-labs/onechain.git", rev = "main", subdir = "crates\\sui-framework\\packages\\move-stdlib" }

[[move.package]]
id = "One"
source = { git = "https://github.com/one-chain-labs/onechain.git", rev = "main", subdir = "crates/sui-framework/packages/one-framework" }

dependencies = [
  { id = "MoveStdlib", name = "MoveStdlib" },
]

[move.toolchain-version]
compiler-version = "1.0.1"
edition = "2024.beta"
flavor = "one"

[env]

[env.testnet]
chain-id = "1bd5c965"
original-published-id = "0xcaf20ed5933ffc2dfb78b5c61f03ee296e16afafd187ec3d780037104773173e"
latest-published-id = "0xcaf20ed5933ffc2dfb78b5c61f03ee296e16afafd187ec3d780037104773173e"
published-version = "1"
