# @generated by Move, please check-in and do not edit manually.

[move]
version = 3
manifest_digest = "AB3CA93D1434E3A9B51F4A6723541A391D798EE8B6F7B8C80F24419CE0E22B64"
deps_digest = "F8BBB0CCB2491CA29A3DF03D6F92277A4F3574266507ACD77214D37ECA3F3082"
dependencies = [
  { id = "One", name = "One" },
]

[[move.package]]
id = "MoveStdlib"
source = { git = "https://github.com/one-chain-labs/onechain.git", rev = "main", subdir = "crates\\sui-framework\\packages\\move-stdlib" }

[[move.package]]
id = "One"
source = { git = "https://github.com/one-chain-labs/onechain.git", rev = "main", subdir = "crates/sui-framework/packages/one-framework" }

dependencies = [
  { id = "MoveStdlib", name = "MoveStdlib" },
]

[move.toolchain-version]
compiler-version = "1.0.1"
edition = "2024.beta"
flavor = "one"

[env]

[env.testnet]
chain-id = "1bd5c965"
original-published-id = "0x7102f4157cdeef27cb198db30366ecd10dc7374d5a936dba2a40004371787b9d"
latest-published-id = "0x7102f4157cdeef27cb198db30366ecd10dc7374d5a936dba2a40004371787b9d"
published-version = "1"
